
Microsoft Visual Studio Solution File, Format Version 12.00
# Visual Studio Version 16
VisualStudioVersion = 16.0.31402.337
MinimumVisualStudioVersion = 10.0.40219.1
Project("{9A19103F-16F7-4668-BE54-9A1E7A4F7556}") = "AWSMebsis", "AWSMebsis\AWSMebsis.csproj", "{58C4FF6B-A853-4DAA-8B51-38FAB9335DC1}"
EndProject
Global
	GlobalSection(SolutionConfigurationPlatforms) = preSolution
		Debug|Any CPU = Debug|Any CPU
		Release|Any CPU = Release|Any CPU
	EndGlobalSection
	GlobalSection(ProjectConfigurationPlatforms) = postSolution
		{58C4FF6B-A853-4DAA-8B51-38FAB9335DC1}.Debug|Any CPU.ActiveCfg = Debug|Any CPU
		{58C4FF6B-A853-4DAA-8B51-38FAB9335DC1}.Debug|Any CPU.Build.0 = Debug|Any CPU
		{58C4FF6B-A853-4DAA-8B51-38FAB9335DC1}.Release|Any CPU.ActiveCfg = Release|Any CPU
		{58C4FF6B-A853-4DAA-8B51-38FAB9335DC1}.Release|Any CPU.Build.0 = Release|Any CPU
	EndGlobalSection
	GlobalSection(SolutionProperties) = preSolution
		HideSolutionNode = FALSE
	EndGlobalSection
	GlobalSection(ExtensibilityGlobals) = postSolution
		SolutionGuid = {2031DDF1-CE13-4A3C-84E7-94DF96FBF3FA}
	EndGlobalSection
EndGlobal
